
Microsoft Visual Studio Solution File, Format Version 12.00
# Visual Studio Version 17
VisualStudioVersion = 17.6.33815.320
MinimumVisualStudioVersion = 10.0.40219.1
Project("{FAE04EC0-301F-11D3-BF4B-00C04F79EFBC}") = "GA_LinkedList_Doubly_DanielMinty", "GA_LinkedList_Doubly_DanielMinty\GA_LinkedList_Doubly_DanielMinty.csproj", "{694E20C1-DC91-43A0-9D71-781B2A03561F}"
EndProject
Global
	GlobalSection(SolutionConfigurationPlatforms) = preSolution
		Debug|Any CPU = Debug|Any CPU
		Release|Any CPU = Release|Any CPU
	EndGlobalSection
	GlobalSection(ProjectConfigurationPlatforms) = postSolution
		{694E20C1-DC91-43A0-9D71-781B2A03561F}.Debug|Any CPU.ActiveCfg = Debug|Any CPU
		{694E20C1-DC91-43A0-9D71-781B2A03561F}.Debug|Any CPU.Build.0 = Debug|Any CPU
		{694E20C1-DC91-43A0-9D71-781B2A03561F}.Release|Any CPU.ActiveCfg = Release|Any CPU
		{694E20C1-DC91-43A0-9D71-781B2A03561F}.Release|Any CPU.Build.0 = Release|Any CPU
	EndGlobalSection
	GlobalSection(SolutionProperties) = preSolution
		HideSolutionNode = FALSE
	EndGlobalSection
	GlobalSection(ExtensibilityGlobals) = postSolution
		SolutionGuid = {64FC8039-8A07-4833-AE7D-2F4B2D5406D6}
	EndGlobalSection
EndGlobal
